
Microsoft Visual Studio Solution File, Format Version 12.00
# Visual Studio 14
VisualStudioVersion = 14.0.23107.0
MinimumVisualStudioVersion = 10.0.40219.1
Project("{FAE04EC0-301F-11D3-BF4B-00C04F79EFBC}") = "CoreApp", "CoreApp\CoreApp.csproj", "{9403221E-928B-419F-86CF-1E2D388B2A9B}"
EndProject
Project("{FAE04EC0-301F-11D3-BF4B-00C04F79EFBC}") = "CoreApp.SimpleInjector", "CoreApp.SimpleInjector\CoreApp.SimpleInjector.csproj", "{399FCA7F-B4FE-4E8F-860A-F988570034F0}"
EndProject
Project("{FAE04EC0-301F-11D3-BF4B-00C04F79EFBC}") = "ConsoleSample", "ConsoleSample\ConsoleSample.csproj", "{5D0ED732-19B5-4309-9645-EA5680C7D52A}"
EndProject
Project("{FAE04EC0-301F-11D3-BF4B-00C04F79EFBC}") = "CoreApp.Autofac", "CoreApp.Autofac\CoreApp.Autofac.csproj", "{3EC126A7-A02A-46B2-AA05-C423ECFF40D0}"
EndProject
Project("{FAE04EC0-301F-11D3-BF4B-00C04F79EFBC}") = "CoreApp.Ninject", "CoreApp.Ninject\CoreApp.Ninject.csproj", "{0330F765-4221-4B1B-B34D-8F11FBF64961}"
EndProject
Project("{FAE04EC0-301F-11D3-BF4B-00C04F79EFBC}") = "CoreApp.Unity", "CoreApp.Unity\CoreApp.Unity.csproj", "{FB98C3F7-3342-4394-95CE-CB4894A4D722}"
EndProject
Global
	GlobalSection(SolutionConfigurationPlatforms) = preSolution
		Debug|Any CPU = Debug|Any CPU
		Release|Any CPU = Release|Any CPU
	EndGlobalSection
	GlobalSection(ProjectConfigurationPlatforms) = postSolution
		{9403221E-928B-419F-86CF-1E2D388B2A9B}.Debug|Any CPU.ActiveCfg = Debug|Any CPU
		{9403221E-928B-419F-86CF-1E2D388B2A9B}.Debug|Any CPU.Build.0 = Debug|Any CPU
		{9403221E-928B-419F-86CF-1E2D388B2A9B}.Release|Any CPU.ActiveCfg = Release|Any CPU
		{9403221E-928B-419F-86CF-1E2D388B2A9B}.Release|Any CPU.Build.0 = Release|Any CPU
		{399FCA7F-B4FE-4E8F-860A-F988570034F0}.Debug|Any CPU.ActiveCfg = Debug|Any CPU
		{399FCA7F-B4FE-4E8F-860A-F988570034F0}.Debug|Any CPU.Build.0 = Debug|Any CPU
		{399FCA7F-B4FE-4E8F-860A-F988570034F0}.Release|Any CPU.ActiveCfg = Release|Any CPU
		{399FCA7F-B4FE-4E8F-860A-F988570034F0}.Release|Any CPU.Build.0 = Release|Any CPU
		{5D0ED732-19B5-4309-9645-EA5680C7D52A}.Debug|Any CPU.ActiveCfg = Debug|Any CPU
		{5D0ED732-19B5-4309-9645-EA5680C7D52A}.Debug|Any CPU.Build.0 = Debug|Any CPU
		{5D0ED732-19B5-4309-9645-EA5680C7D52A}.Release|Any CPU.ActiveCfg = Release|Any CPU
		{5D0ED732-19B5-4309-9645-EA5680C7D52A}.Release|Any CPU.Build.0 = Release|Any CPU
		{3EC126A7-A02A-46B2-AA05-C423ECFF40D0}.Debug|Any CPU.ActiveCfg = Debug|Any CPU
		{3EC126A7-A02A-46B2-AA05-C423ECFF40D0}.Debug|Any CPU.Build.0 = Debug|Any CPU
		{3EC126A7-A02A-46B2-AA05-C423ECFF40D0}.Release|Any CPU.ActiveCfg = Release|Any CPU
		{3EC126A7-A02A-46B2-AA05-C423ECFF40D0}.Release|Any CPU.Build.0 = Release|Any CPU
		{0330F765-4221-4B1B-B34D-8F11FBF64961}.Debug|Any CPU.ActiveCfg = Debug|Any CPU
		{0330F765-4221-4B1B-B34D-8F11FBF64961}.Debug|Any CPU.Build.0 = Debug|Any CPU
		{0330F765-4221-4B1B-B34D-8F11FBF64961}.Release|Any CPU.ActiveCfg = Release|Any CPU
		{0330F765-4221-4B1B-B34D-8F11FBF64961}.Release|Any CPU.Build.0 = Release|Any CPU
		{FB98C3F7-3342-4394-95CE-CB4894A4D722}.Debug|Any CPU.ActiveCfg = Debug|Any CPU
		{FB98C3F7-3342-4394-95CE-CB4894A4D722}.Debug|Any CPU.Build.0 = Debug|Any CPU
		{FB98C3F7-3342-4394-95CE-CB4894A4D722}.Release|Any CPU.ActiveCfg = Release|Any CPU
		{FB98C3F7-3342-4394-95CE-CB4894A4D722}.Release|Any CPU.Build.0 = Release|Any CPU
	EndGlobalSection
	GlobalSection(SolutionProperties) = preSolution
		HideSolutionNode = FALSE
	EndGlobalSection
EndGlobal
